
Microsoft Visual Studio Solution File, Format Version 12.00
# Visual Studio Version 17
VisualStudioVersion = 17.13.35931.197 d17.13
MinimumVisualStudioVersion = 10.0.40219.1
Project("{8BC9CEB8-8B4A-11D0-8D11-00A0C91BC942}") = "StepMania", "StepMania-net2013.vcxproj", "{AF209DBD-24BD-4356-8DFE-41751B221195}"
EndProject
Project("{8BC9CEB8-8B4A-11D0-8D11-00A0C91BC942}") = "libtommath", "libtommath\libtommath-net2013.vcxproj", "{FEDE5283-1518-4B1D-8124-5C54DB17EA57}"
EndProject
Project("{8BC9CEB8-8B4A-11D0-8D11-00A0C91BC942}") = "libtomcrypt", "libtomcrypt\libtomcrypt-net2013.vcxproj", "{F70DD0FE-A74A-42E7-B81F-E35C49FC9EB9}"
EndProject
Global
	GlobalSection(SolutionConfigurationPlatforms) = preSolution
		Debug|Win32 = Debug|Win32
		Debug|x64 = Debug|x64
		FastDebug|Win32 = FastDebug|Win32
		FastDebug|x64 = FastDebug|x64
		Release|Win32 = Release|Win32
		Release|x64 = Release|x64
		Release-SSE2|Win32 = Release-SSE2|Win32
		Release-SSE2|x64 = Release-SSE2|x64
	EndGlobalSection
	GlobalSection(ProjectConfigurationPlatforms) = postSolution
		{AF209DBD-24BD-4356-8DFE-41751B221195}.Debug|Win32.ActiveCfg = Debug|Win32
		{AF209DBD-24BD-4356-8DFE-41751B221195}.Debug|Win32.Build.0 = Debug|Win32
		{AF209DBD-24BD-4356-8DFE-41751B221195}.Debug|x64.ActiveCfg = Debug|x64
		{AF209DBD-24BD-4356-8DFE-41751B221195}.Debug|x64.Build.0 = Debug|x64
		{AF209DBD-24BD-4356-8DFE-41751B221195}.FastDebug|Win32.ActiveCfg = FastDebug|Win32
		{AF209DBD-24BD-4356-8DFE-41751B221195}.FastDebug|Win32.Build.0 = FastDebug|Win32
		{AF209DBD-24BD-4356-8DFE-41751B221195}.FastDebug|x64.ActiveCfg = FastDebug|x64
		{AF209DBD-24BD-4356-8DFE-41751B221195}.FastDebug|x64.Build.0 = FastDebug|x64
		{AF209DBD-24BD-4356-8DFE-41751B221195}.Release|Win32.ActiveCfg = Release|Win32
		{AF209DBD-24BD-4356-8DFE-41751B221195}.Release|Win32.Build.0 = Release|Win32
		{AF209DBD-24BD-4356-8DFE-41751B221195}.Release|x64.ActiveCfg = Release|x64
		{AF209DBD-24BD-4356-8DFE-41751B221195}.Release|x64.Build.0 = Release|x64
		{AF209DBD-24BD-4356-8DFE-41751B221195}.Release-SSE2|Win32.ActiveCfg = Release-SSE2|Win32
		{AF209DBD-24BD-4356-8DFE-41751B221195}.Release-SSE2|Win32.Build.0 = Release-SSE2|Win32
		{AF209DBD-24BD-4356-8DFE-41751B221195}.Release-SSE2|x64.ActiveCfg = Release-SSE2|x64
		{AF209DBD-24BD-4356-8DFE-41751B221195}.Release-SSE2|x64.Build.0 = Release-SSE2|x64
		{FEDE5283-1518-4B1D-8124-5C54DB17EA57}.Debug|Win32.ActiveCfg = Debug|Win32
		{FEDE5283-1518-4B1D-8124-5C54DB17EA57}.Debug|Win32.Build.0 = Debug|Win32
		{FEDE5283-1518-4B1D-8124-5C54DB17EA57}.Debug|x64.ActiveCfg = Debug|x64
		{FEDE5283-1518-4B1D-8124-5C54DB17EA57}.Debug|x64.Build.0 = Debug|x64
		{FEDE5283-1518-4B1D-8124-5C54DB17EA57}.FastDebug|Win32.ActiveCfg = Debug|Win32
		{FEDE5283-1518-4B1D-8124-5C54DB17EA57}.FastDebug|Win32.Build.0 = Debug|Win32
		{FEDE5283-1518-4B1D-8124-5C54DB17EA57}.FastDebug|x64.ActiveCfg = Release-PGO|x64
		{FEDE5283-1518-4B1D-8124-5C54DB17EA57}.FastDebug|x64.Build.0 = Release-PGO|x64
		{FEDE5283-1518-4B1D-8124-5C54DB17EA57}.Release|Win32.ActiveCfg = Release|Win32
		{FEDE5283-1518-4B1D-8124-5C54DB17EA57}.Release|Win32.Build.0 = Release|Win32
		{FEDE5283-1518-4B1D-8124-5C54DB17EA57}.Release|x64.ActiveCfg = Release|x64
		{FEDE5283-1518-4B1D-8124-5C54DB17EA57}.Release|x64.Build.0 = Release|x64
		{FEDE5283-1518-4B1D-8124-5C54DB17EA57}.Release-SSE2|Win32.ActiveCfg = Release-SSE2|Win32
		{FEDE5283-1518-4B1D-8124-5C54DB17EA57}.Release-SSE2|Win32.Build.0 = Release-SSE2|Win32
		{FEDE5283-1518-4B1D-8124-5C54DB17EA57}.Release-SSE2|x64.ActiveCfg = Release-SSE2|x64
		{FEDE5283-1518-4B1D-8124-5C54DB17EA57}.Release-SSE2|x64.Build.0 = Release-SSE2|x64
		{F70DD0FE-A74A-42E7-B81F-E35C49FC9EB9}.Debug|Win32.ActiveCfg = Debug|Win32
		{F70DD0FE-A74A-42E7-B81F-E35C49FC9EB9}.Debug|Win32.Build.0 = Debug|Win32
		{F70DD0FE-A74A-42E7-B81F-E35C49FC9EB9}.Debug|x64.ActiveCfg = Debug|x64
		{F70DD0FE-A74A-42E7-B81F-E35C49FC9EB9}.Debug|x64.Build.0 = Debug|x64
		{F70DD0FE-A74A-42E7-B81F-E35C49FC9EB9}.FastDebug|Win32.ActiveCfg = Debug|Win32
		{F70DD0FE-A74A-42E7-B81F-E35C49FC9EB9}.FastDebug|Win32.Build.0 = Debug|Win32
		{F70DD0FE-A74A-42E7-B81F-E35C49FC9EB9}.FastDebug|x64.ActiveCfg = Release-PGO|x64
		{F70DD0FE-A74A-42E7-B81F-E35C49FC9EB9}.FastDebug|x64.Build.0 = Release-PGO|x64
		{F70DD0FE-A74A-42E7-B81F-E35C49FC9EB9}.Release|Win32.ActiveCfg = Release|Win32
		{F70DD0FE-A74A-42E7-B81F-E35C49FC9EB9}.Release|Win32.Build.0 = Release|Win32
		{F70DD0FE-A74A-42E7-B81F-E35C49FC9EB9}.Release|x64.ActiveCfg = Release|x64
		{F70DD0FE-A74A-42E7-B81F-E35C49FC9EB9}.Release|x64.Build.0 = Release|x64
		{F70DD0FE-A74A-42E7-B81F-E35C49FC9EB9}.Release-SSE2|Win32.ActiveCfg = Release-SSE2|Win32
		{F70DD0FE-A74A-42E7-B81F-E35C49FC9EB9}.Release-SSE2|Win32.Build.0 = Release-SSE2|Win32
		{F70DD0FE-A74A-42E7-B81F-E35C49FC9EB9}.Release-SSE2|x64.ActiveCfg = Release-SSE2|x64
		{F70DD0FE-A74A-42E7-B81F-E35C49FC9EB9}.Release-SSE2|x64.Build.0 = Release-SSE2|x64
	EndGlobalSection
	GlobalSection(SolutionProperties) = preSolution
		HideSolutionNode = FALSE
	EndGlobalSection
EndGlobal
